// !$*UTF8*$!
{
	archiveVersion = 1;
	classes = {
	};
	objectVersion = 56;
	objects = {

/* Begin PBXBuildFile section */
		4F1E3C152C81D83500418609 /* FileManager+documentsDirectory.swift in Sources */ = {isa = PBXBuildFile; fileRef = 4F1E3C142C81D83500418609 /* FileManager+documentsDirectory.swift */; };
		4F1E3C172C81E42A00418609 /* SVGView in Frameworks */ = {isa = PBXBuildFile; productRef = 4F1E3C162C81E42A00418609 /* SVGView */; };
		4F38B0E12C7E42D10013F647 /* world1.svg in Resources */ = {isa = PBXBuildFile; fileRef = 4F38B0E02C7E42D10013F647 /* world1.svg */; };
		4F4F37D72C79AFF000522ABC /* OnTravelApp.swift in Sources */ = {isa = PBXBuildFile; fileRef = 4F4F37D62C79AFF000522ABC /* OnTravelApp.swift */; };
		4F4F37D92C79AFF000522ABC /* ContentView.swift in Sources */ = {isa = PBXBuildFile; fileRef = 4F4F37D82C79AFF000522ABC /* ContentView.swift */; };
		4F4F37DB2C79AFF100522ABC /* Assets.xcassets in Resources */ = {isa = PBXBuildFile; fileRef = 4F4F37DA2C79AFF100522ABC /* Assets.xcassets */; };
		4F4F37DE2C79AFF100522ABC /* Preview Assets.xcassets in Resources */ = {isa = PBXBuildFile; fileRef = 4F4F37DD2C79AFF100522ABC /* Preview Assets.xcassets */; };
		4F4F37F12C79B1B300522ABC /* NetworkMonitor.swift in Sources */ = {isa = PBXBuildFile; fileRef = 4F4F37E62C79B1B300522ABC /* NetworkMonitor.swift */; };
		4F4F37F22C79B1B300522ABC /* ProcessingOperation.swift in Sources */ = {isa = PBXBuildFile; fileRef = 4F4F37E72C79B1B300522ABC /* ProcessingOperation.swift */; };
		4F4F37F32C79B1B300522ABC /* OnTravelModel.swift in Sources */ = {isa = PBXBuildFile; fileRef = 4F4F37E82C79B1B300522ABC /* OnTravelModel.swift */; };
		4F4F37F42C79B1B300522ABC /* IsoCountryCodes.swift in Sources */ = {isa = PBXBuildFile; fileRef = 4F4F37E92C79B1B300522ABC /* IsoCountryCodes.swift */; };
		4F4F37F52C79B1B300522ABC /* Country.swift in Sources */ = {isa = PBXBuildFile; fileRef = 4F4F37EA2C79B1B300522ABC /* Country.swift */; };
		4F4F37F62C79B1B300522ABC /* CalendarView.swift in Sources */ = {isa = PBXBuildFile; fileRef = 4F4F37EB2C79B1B300522ABC /* CalendarView.swift */; };
		4F4F37F72C79B1B300522ABC /* LocationManager.swift in Sources */ = {isa = PBXBuildFile; fileRef = 4F4F37EC2C79B1B300522ABC /* LocationManager.swift */; };
		4F4F37F92C79B1B300522ABC /* RestController.swift in Sources */ = {isa = PBXBuildFile; fileRef = 4F4F37EE2C79B1B300522ABC /* RestController.swift */; };
		4F4F37FA2C79B1B300522ABC /* Constants.swift in Sources */ = {isa = PBXBuildFile; fileRef = 4F4F37EF2C79B1B300522ABC /* Constants.swift */; };
		4F4F37FB2C79B1B300522ABC /* IsoCountryInfo.swift in Sources */ = {isa = PBXBuildFile; fileRef = 4F4F37F02C79B1B300522ABC /* IsoCountryInfo.swift */; };
		4F4F37FD2C79B20D00522ABC /* AppDelegate.swift in Sources */ = {isa = PBXBuildFile; fileRef = 4F4F37FC2C79B20D00522ABC /* AppDelegate.swift */; };
		4F4F38052C79B2F100522ABC /* Properties.swift in Sources */ = {isa = PBXBuildFile; fileRef = 4F4F37FF2C79B2F000522ABC /* Properties.swift */; };
		4F4F38062C79B2F100522ABC /* UserDefault.swift in Sources */ = {isa = PBXBuildFile; fileRef = 4F4F38002C79B2F000522ABC /* UserDefault.swift */; };
		4F4F38072C79B2F100522ABC /* Observable.swift in Sources */ = {isa = PBXBuildFile; fileRef = 4F4F38012C79B2F100522ABC /* Observable.swift */; };
		4F4F38082C79B2F100522ABC /* UserDefaultsObservation.swift in Sources */ = {isa = PBXBuildFile; fileRef = 4F4F38022C79B2F100522ABC /* UserDefaultsObservation.swift */; };
		4F4F38092C79B2F100522ABC /* ObjectSaveable.swift in Sources */ = {isa = PBXBuildFile; fileRef = 4F4F38032C79B2F100522ABC /* ObjectSaveable.swift */; };
		4F4F380A2C79B2F100522ABC /* ObjectSaveableError.swift in Sources */ = {isa = PBXBuildFile; fileRef = 4F4F38042C79B2F100522ABC /* ObjectSaveableError.swift */; };
		4F4F380D2C79B30800522ABC /* Calendar+numberOfDays.swift in Sources */ = {isa = PBXBuildFile; fileRef = 4F4F380C2C79B30800522ABC /* Calendar+numberOfDays.swift */; };
		4F4F38112C79B76000522ABC /* JsonData.swift in Sources */ = {isa = PBXBuildFile; fileRef = 4F4F38102C79B76000522ABC /* JsonData.swift */; };
		4F4F38132C79BDE800522ABC /* Helper.swift in Sources */ = {isa = PBXBuildFile; fileRef = 4F4F38122C79BDE800522ABC /* Helper.swift */; };
		4F6EEFF62C7DDDE100D4D5B0 /* SVGView in Frameworks */ = {isa = PBXBuildFile; productRef = 4F6EEFF52C7DDDE100D4D5B0 /* SVGView */; };
		4F6EEFFA2C7DEB2A00D4D5B0 /* world.svg in Resources */ = {isa = PBXBuildFile; fileRef = 4F6EEFF92C7DEB2A00D4D5B0 /* world.svg */; };
		4F6EEFFC2C7DEE8700D4D5B0 /* MapView.swift in Sources */ = {isa = PBXBuildFile; fileRef = 4F6EEFFB2C7DEE8700D4D5B0 /* MapView.swift */; };
		4F7438292C7C5A59006DDB8B /* DateFormatter+convenienceInit.swift in Sources */ = {isa = PBXBuildFile; fileRef = 4F7438282C7C5A59006DDB8B /* DateFormatter+convenienceInit.swift */; };
		4F74382B2C7C5CFF006DDB8B /* TextFile.swift in Sources */ = {isa = PBXBuildFile; fileRef = 4F74382A2C7C5CFF006DDB8B /* TextFile.swift */; };
		4F74382E2C7C83EE006DDB8B /* EventManager.swift in Sources */ = {isa = PBXBuildFile; fileRef = 4F74382D2C7C83EE006DDB8B /* EventManager.swift */; };
		4F7438302C7C840A006DDB8B /* EventListenerAction.swift in Sources */ = {isa = PBXBuildFile; fileRef = 4F74382F2C7C840A006DDB8B /* EventListenerAction.swift */; };
		4F7438322C7C899B006DDB8B /* Sender.swift in Sources */ = {isa = PBXBuildFile; fileRef = 4F7438312C7C899B006DDB8B /* Sender.swift */; };
		4F7438342C7C8A12006DDB8B /* Receiver.swift in Sources */ = {isa = PBXBuildFile; fileRef = 4F7438332C7C8A12006DDB8B /* Receiver.swift */; };
		4F7438362C7C8B46006DDB8B /* TestEvents.swift in Sources */ = {isa = PBXBuildFile; fileRef = 4F7438352C7C8B46006DDB8B /* TestEvents.swift */; };
		4F7858A12C7CE87900462952 /* AppIconProvider.swift in Sources */ = {isa = PBXBuildFile; fileRef = 4F7858A02C7CE87900462952 /* AppIconProvider.swift */; };
		4FA9B0582C85A4AA007F3B1B /* WidgetKit.framework in Frameworks */ = {isa = PBXBuildFile; fileRef = 4FA9B02F2C859034007F3B1B /* WidgetKit.framework */; };
		4FA9B0592C85A4AA007F3B1B /* SwiftUI.framework in Frameworks */ = {isa = PBXBuildFile; fileRef = 4FA9B0312C859034007F3B1B /* SwiftUI.framework */; };
		4FA9B05E2C85A4AA007F3B1B /* OnTravelWidget_Extension.swift in Sources */ = {isa = PBXBuildFile; fileRef = 4FA9B05D2C85A4AA007F3B1B /* OnTravelWidget_Extension.swift */; };
		4FA9B0602C85A4AB007F3B1B /* Assets.xcassets in Resources */ = {isa = PBXBuildFile; fileRef = 4FA9B05F2C85A4AB007F3B1B /* Assets.xcassets */; };
		4FA9B0642C85A4AB007F3B1B /* OnTravelWidget-ExtensionExtension.appex in Embed Foundation Extensions */ = {isa = PBXBuildFile; fileRef = 4FA9B0572C85A4AA007F3B1B /* OnTravelWidget-ExtensionExtension.appex */; settings = {ATTRIBUTES = (RemoveHeadersOnCopy, ); }; };
		4FA9B0692C85A4E1007F3B1B /* NetworkMonitor.swift in Sources */ = {isa = PBXBuildFile; fileRef = 4F4F37E62C79B1B300522ABC /* NetworkMonitor.swift */; };
		4FA9B06A2C85A4E1007F3B1B /* JsonData.swift in Sources */ = {isa = PBXBuildFile; fileRef = 4F4F38102C79B76000522ABC /* JsonData.swift */; };
		4FA9B06B2C85A4E1007F3B1B /* Helper.swift in Sources */ = {isa = PBXBuildFile; fileRef = 4F4F38122C79BDE800522ABC /* Helper.swift */; };
		4FA9B06C2C85A4E1007F3B1B /* LocationManager.swift in Sources */ = {isa = PBXBuildFile; fileRef = 4F4F37EC2C79B1B300522ABC /* LocationManager.swift */; };
		4FA9B06D2C85A4E1007F3B1B /* RestController.swift in Sources */ = {isa = PBXBuildFile; fileRef = 4F4F37EE2C79B1B300522ABC /* RestController.swift */; };
		4FA9B06E2C85A4E1007F3B1B /* TextFile.swift in Sources */ = {isa = PBXBuildFile; fileRef = 4F74382A2C7C5CFF006DDB8B /* TextFile.swift */; };
		4FA9B06F2C85A4E1007F3B1B /* AppIconProvider.swift in Sources */ = {isa = PBXBuildFile; fileRef = 4F7858A02C7CE87900462952 /* AppIconProvider.swift */; };
		4FA9B0702C85A4EB007F3B1B /* UserDefaultsObservation.swift in Sources */ = {isa = PBXBuildFile; fileRef = 4F4F38022C79B2F100522ABC /* UserDefaultsObservation.swift */; };
		4FA9B0712C85A4EB007F3B1B /* ObjectSaveableError.swift in Sources */ = {isa = PBXBuildFile; fileRef = 4F4F38042C79B2F100522ABC /* ObjectSaveableError.swift */; };
		4FA9B0722C85A4EB007F3B1B /* UserDefault.swift in Sources */ = {isa = PBXBuildFile; fileRef = 4F4F38002C79B2F000522ABC /* UserDefault.swift */; };
		4FA9B0732C85A4EB007F3B1B /* ObjectSaveable.swift in Sources */ = {isa = PBXBuildFile; fileRef = 4F4F38032C79B2F100522ABC /* ObjectSaveable.swift */; };
		4FA9B0742C85A4EB007F3B1B /* Observable.swift in Sources */ = {isa = PBXBuildFile; fileRef = 4F4F38012C79B2F100522ABC /* Observable.swift */; };
		4FA9B0752C85A4EB007F3B1B /* Properties.swift in Sources */ = {isa = PBXBuildFile; fileRef = 4F4F37FF2C79B2F000522ABC /* Properties.swift */; };
		4FA9B0762C85A4F0007F3B1B /* Calendar+numberOfDays.swift in Sources */ = {isa = PBXBuildFile; fileRef = 4F4F380C2C79B30800522ABC /* Calendar+numberOfDays.swift */; };
		4FA9B0772C85A4F0007F3B1B /* View+onRotate.swift in Sources */ = {isa = PBXBuildFile; fileRef = 4FD755A82C7F2974001AB93C /* View+onRotate.swift */; };
		4FA9B0782C85A4F0007F3B1B /* DateFormatter+convenienceInit.swift in Sources */ = {isa = PBXBuildFile; fileRef = 4F7438282C7C5A59006DDB8B /* DateFormatter+convenienceInit.swift */; };
		4FA9B0792C85A4F0007F3B1B /* FileManager+documentsDirectory.swift in Sources */ = {isa = PBXBuildFile; fileRef = 4F1E3C142C81D83500418609 /* FileManager+documentsDirectory.swift */; };
		4FA9B07A2C85A57F007F3B1B /* IsoCountryInfo.swift in Sources */ = {isa = PBXBuildFile; fileRef = 4F4F37F02C79B1B300522ABC /* IsoCountryInfo.swift */; };
		4FA9B07B2C85A57F007F3B1B /* Country.swift in Sources */ = {isa = PBXBuildFile; fileRef = 4F4F37EA2C79B1B300522ABC /* Country.swift */; };
		4FA9B07C2C85A57F007F3B1B /* OnTravelModel.swift in Sources */ = {isa = PBXBuildFile; fileRef = 4F4F37E82C79B1B300522ABC /* OnTravelModel.swift */; };
		4FA9B07E2C85A57F007F3B1B /* IsoCountryCodes.swift in Sources */ = {isa = PBXBuildFile; fileRef = 4F4F37E92C79B1B300522ABC /* IsoCountryCodes.swift */; };
		4FA9B07F2C85A58D007F3B1B /* DeviceRotationViewModifier.swift in Sources */ = {isa = PBXBuildFile; fileRef = 4FD755A62C7F2952001AB93C /* DeviceRotationViewModifier.swift */; };
		4FA9B0802C85AA82007F3B1B /* Constants.swift in Sources */ = {isa = PBXBuildFile; fileRef = 4F4F37EF2C79B1B300522ABC /* Constants.swift */; };
		4FD755A72C7F2952001AB93C /* DeviceRotationViewModifier.swift in Sources */ = {isa = PBXBuildFile; fileRef = 4FD755A62C7F2952001AB93C /* DeviceRotationViewModifier.swift */; };
		4FD755A92C7F2974001AB93C /* View+onRotate.swift in Sources */ = {isa = PBXBuildFile; fileRef = 4FD755A82C7F2974001AB93C /* View+onRotate.swift */; };
/* End PBXBuildFile section */

/* Begin PBXContainerItemProxy section */
		4FA9B0622C85A4AB007F3B1B /* PBXContainerItemProxy */ = {
			isa = PBXContainerItemProxy;
			containerPortal = 4F4F37CB2C79AFF000522ABC /* Project object */;
			proxyType = 1;
			remoteGlobalIDString = 4FA9B0562C85A4AA007F3B1B;
			remoteInfo = "OnTravelWidget-ExtensionExtension";
		};
/* End PBXContainerItemProxy section */

/* Begin PBXCopyFilesBuildPhase section */
		4FA9B0682C85A4AB007F3B1B /* Embed Foundation Extensions */ = {
			isa = PBXCopyFilesBuildPhase;
			buildActionMask = 2147483647;
			dstPath = "";
			dstSubfolderSpec = 13;
			files = (
				4FA9B0642C85A4AB007F3B1B /* OnTravelWidget-ExtensionExtension.appex in Embed Foundation Extensions */,
			);
			name = "Embed Foundation Extensions";
			runOnlyForDeploymentPostprocessing = 0;
		};
/* End PBXCopyFilesBuildPhase section */

/* Begin PBXFileReference section */
		4F1E3C142C81D83500418609 /* FileManager+documentsDirectory.swift */ = {isa = PBXFileReference; lastKnownFileType = sourcecode.swift; path = "FileManager+documentsDirectory.swift"; sourceTree = "<group>"; };
		4F38B0E02C7E42D10013F647 /* world1.svg */ = {isa = PBXFileReference; fileEncoding = 4; lastKnownFileType = text.xml; path = world1.svg; sourceTree = "<group>"; };
		4F4F37D32C79AFF000522ABC /* OnTravel.app */ = {isa = PBXFileReference; explicitFileType = wrapper.application; includeInIndex = 0; path = OnTravel.app; sourceTree = BUILT_PRODUCTS_DIR; };
		4F4F37D62C79AFF000522ABC /* OnTravelApp.swift */ = {isa = PBXFileReference; lastKnownFileType = sourcecode.swift; path = OnTravelApp.swift; sourceTree = "<group>"; };
		4F4F37D82C79AFF000522ABC /* ContentView.swift */ = {isa = PBXFileReference; lastKnownFileType = sourcecode.swift; path = ContentView.swift; sourceTree = "<group>"; };
		4F4F37DA2C79AFF100522ABC /* Assets.xcassets */ = {isa = PBXFileReference; lastKnownFileType = folder.assetcatalog; path = Assets.xcassets; sourceTree = "<group>"; };
		4F4F37DD2C79AFF100522ABC /* Preview Assets.xcassets */ = {isa = PBXFileReference; lastKnownFileType = folder.assetcatalog; path = "Preview Assets.xcassets"; sourceTree = "<group>"; };
		4F4F37E42C79B00500522ABC /* OnTravel.entitlements */ = {isa = PBXFileReference; lastKnownFileType = text.plist.entitlements; path = OnTravel.entitlements; sourceTree = "<group>"; };
		4F4F37E52C79B01000522ABC /* Info.plist */ = {isa = PBXFileReference; lastKnownFileType = text.plist; path = Info.plist; sourceTree = "<group>"; };
		4F4F37E62C79B1B300522ABC /* NetworkMonitor.swift */ = {isa = PBXFileReference; fileEncoding = 4; lastKnownFileType = sourcecode.swift; path = NetworkMonitor.swift; sourceTree = "<group>"; };
		4F4F37E72C79B1B300522ABC /* ProcessingOperation.swift */ = {isa = PBXFileReference; fileEncoding = 4; lastKnownFileType = sourcecode.swift; path = ProcessingOperation.swift; sourceTree = "<group>"; };
		4F4F37E82C79B1B300522ABC /* OnTravelModel.swift */ = {isa = PBXFileReference; fileEncoding = 4; lastKnownFileType = sourcecode.swift; path = OnTravelModel.swift; sourceTree = "<group>"; };
		4F4F37E92C79B1B300522ABC /* IsoCountryCodes.swift */ = {isa = PBXFileReference; fileEncoding = 4; lastKnownFileType = sourcecode.swift; path = IsoCountryCodes.swift; sourceTree = "<group>"; };
		4F4F37EA2C79B1B300522ABC /* Country.swift */ = {isa = PBXFileReference; fileEncoding = 4; lastKnownFileType = sourcecode.swift; path = Country.swift; sourceTree = "<group>"; };
		4F4F37EB2C79B1B300522ABC /* CalendarView.swift */ = {isa = PBXFileReference; fileEncoding = 4; lastKnownFileType = sourcecode.swift; path = CalendarView.swift; sourceTree = "<group>"; };
		4F4F37EC2C79B1B300522ABC /* LocationManager.swift */ = {isa = PBXFileReference; fileEncoding = 4; lastKnownFileType = sourcecode.swift; path = LocationManager.swift; sourceTree = "<group>"; };
		4F4F37EE2C79B1B300522ABC /* RestController.swift */ = {isa = PBXFileReference; fileEncoding = 4; lastKnownFileType = sourcecode.swift; path = RestController.swift; sourceTree = "<group>"; };
		4F4F37EF2C79B1B300522ABC /* Constants.swift */ = {isa = PBXFileReference; fileEncoding = 4; lastKnownFileType = sourcecode.swift; path = Constants.swift; sourceTree = "<group>"; };
		4F4F37F02C79B1B300522ABC /* IsoCountryInfo.swift */ = {isa = PBXFileReference; fileEncoding = 4; lastKnownFileType = sourcecode.swift; path = IsoCountryInfo.swift; sourceTree = "<group>"; };
		4F4F37FC2C79B20D00522ABC /* AppDelegate.swift */ = {isa = PBXFileReference; lastKnownFileType = sourcecode.swift; path = AppDelegate.swift; sourceTree = "<group>"; };
		4F4F37FF2C79B2F000522ABC /* Properties.swift */ = {isa = PBXFileReference; fileEncoding = 4; lastKnownFileType = sourcecode.swift; path = Properties.swift; sourceTree = "<group>"; };
		4F4F38002C79B2F000522ABC /* UserDefault.swift */ = {isa = PBXFileReference; fileEncoding = 4; lastKnownFileType = sourcecode.swift; path = UserDefault.swift; sourceTree = "<group>"; };
		4F4F38012C79B2F100522ABC /* Observable.swift */ = {isa = PBXFileReference; fileEncoding = 4; lastKnownFileType = sourcecode.swift; path = Observable.swift; sourceTree = "<group>"; };
		4F4F38022C79B2F100522ABC /* UserDefaultsObservation.swift */ = {isa = PBXFileReference; fileEncoding = 4; lastKnownFileType = sourcecode.swift; path = UserDefaultsObservation.swift; sourceTree = "<group>"; };
		4F4F38032C79B2F100522ABC /* ObjectSaveable.swift */ = {isa = PBXFileReference; fileEncoding = 4; lastKnownFileType = sourcecode.swift; path = ObjectSaveable.swift; sourceTree = "<group>"; };
		4F4F38042C79B2F100522ABC /* ObjectSaveableError.swift */ = {isa = PBXFileReference; fileEncoding = 4; lastKnownFileType = sourcecode.swift; path = ObjectSaveableError.swift; sourceTree = "<group>"; };
		4F4F380C2C79B30800522ABC /* Calendar+numberOfDays.swift */ = {isa = PBXFileReference; fileEncoding = 4; lastKnownFileType = sourcecode.swift; path = "Calendar+numberOfDays.swift"; sourceTree = "<group>"; };
		4F4F38102C79B76000522ABC /* JsonData.swift */ = {isa = PBXFileReference; lastKnownFileType = sourcecode.swift; path = JsonData.swift; sourceTree = "<group>"; };
		4F4F38122C79BDE800522ABC /* Helper.swift */ = {isa = PBXFileReference; lastKnownFileType = sourcecode.swift; path = Helper.swift; sourceTree = "<group>"; };
		4F6EEFF92C7DEB2A00D4D5B0 /* world.svg */ = {isa = PBXFileReference; fileEncoding = 4; lastKnownFileType = text.xml; path = world.svg; sourceTree = "<group>"; };
		4F6EEFFB2C7DEE8700D4D5B0 /* MapView.swift */ = {isa = PBXFileReference; lastKnownFileType = sourcecode.swift; path = MapView.swift; sourceTree = "<group>"; };
		4F7438282C7C5A59006DDB8B /* DateFormatter+convenienceInit.swift */ = {isa = PBXFileReference; lastKnownFileType = sourcecode.swift; path = "DateFormatter+convenienceInit.swift"; sourceTree = "<group>"; };
		4F74382A2C7C5CFF006DDB8B /* TextFile.swift */ = {isa = PBXFileReference; lastKnownFileType = sourcecode.swift; path = TextFile.swift; sourceTree = "<group>"; };
		4F74382D2C7C83EE006DDB8B /* EventManager.swift */ = {isa = PBXFileReference; lastKnownFileType = sourcecode.swift; path = EventManager.swift; sourceTree = "<group>"; };
		4F74382F2C7C840A006DDB8B /* EventListenerAction.swift */ = {isa = PBXFileReference; lastKnownFileType = sourcecode.swift; path = EventListenerAction.swift; sourceTree = "<group>"; };
		4F7438312C7C899B006DDB8B /* Sender.swift */ = {isa = PBXFileReference; lastKnownFileType = sourcecode.swift; path = Sender.swift; sourceTree = "<group>"; };
		4F7438332C7C8A12006DDB8B /* Receiver.swift */ = {isa = PBXFileReference; lastKnownFileType = sourcecode.swift; path = Receiver.swift; sourceTree = "<group>"; };
		4F7438352C7C8B46006DDB8B /* TestEvents.swift */ = {isa = PBXFileReference; lastKnownFileType = sourcecode.swift; path = TestEvents.swift; sourceTree = "<group>"; };
		4F7858A02C7CE87900462952 /* AppIconProvider.swift */ = {isa = PBXFileReference; lastKnownFileType = sourcecode.swift; path = AppIconProvider.swift; sourceTree = "<group>"; };
		4FA9B02F2C859034007F3B1B /* WidgetKit.framework */ = {isa = PBXFileReference; lastKnownFileType = wrapper.framework; name = WidgetKit.framework; path = System/Library/Frameworks/WidgetKit.framework; sourceTree = SDKROOT; };
		4FA9B0312C859034007F3B1B /* SwiftUI.framework */ = {isa = PBXFileReference; lastKnownFileType = wrapper.framework; name = SwiftUI.framework; path = System/Library/Frameworks/SwiftUI.framework; sourceTree = SDKROOT; };
		4FA9B0362C859034007F3B1B /* OnTravelWidget_Extension.swift */ = {isa = PBXFileReference; lastKnownFileType = sourcecode.swift; path = OnTravelWidget_Extension.swift; sourceTree = "<group>"; };
		4FA9B0382C859035007F3B1B /* Assets.xcassets */ = {isa = PBXFileReference; lastKnownFileType = folder.assetcatalog; path = Assets.xcassets; sourceTree = "<group>"; };
		4FA9B03A2C859035007F3B1B /* Info.plist */ = {isa = PBXFileReference; lastKnownFileType = text.plist.xml; path = Info.plist; sourceTree = "<group>"; };
		4FA9B03B2C859035007F3B1B /* OnTravelWidget_Extension.entitlements */ = {isa = PBXFileReference; lastKnownFileType = text.plist.entitlements; path = OnTravelWidget_Extension.entitlements; sourceTree = "<group>"; };
		4FA9B0572C85A4AA007F3B1B /* OnTravelWidget-ExtensionExtension.appex */ = {isa = PBXFileReference; explicitFileType = "wrapper.app-extension"; includeInIndex = 0; path = "OnTravelWidget-ExtensionExtension.appex"; sourceTree = BUILT_PRODUCTS_DIR; };
		4FA9B05D2C85A4AA007F3B1B /* OnTravelWidget_Extension.swift */ = {isa = PBXFileReference; lastKnownFileType = sourcecode.swift; path = OnTravelWidget_Extension.swift; sourceTree = "<group>"; };
		4FA9B05F2C85A4AB007F3B1B /* Assets.xcassets */ = {isa = PBXFileReference; lastKnownFileType = folder.assetcatalog; path = Assets.xcassets; sourceTree = "<group>"; };
		4FA9B0612C85A4AB007F3B1B /* Info.plist */ = {isa = PBXFileReference; lastKnownFileType = text.plist.xml; path = Info.plist; sourceTree = "<group>"; };
		4FA9B0812C85C302007F3B1B /* OnTravelWidget-ExtensionExtension.entitlements */ = {isa = PBXFileReference; lastKnownFileType = text.plist.entitlements; path = "OnTravelWidget-ExtensionExtension.entitlements"; sourceTree = "<group>"; };
		4FD755A62C7F2952001AB93C /* DeviceRotationViewModifier.swift */ = {isa = PBXFileReference; lastKnownFileType = sourcecode.swift; path = DeviceRotationViewModifier.swift; sourceTree = "<group>"; };
		4FD755A82C7F2974001AB93C /* View+onRotate.swift */ = {isa = PBXFileReference; lastKnownFileType = sourcecode.swift; path = "View+onRotate.swift"; sourceTree = "<group>"; };
/* End PBXFileReference section */

/* Begin PBXFrameworksBuildPhase section */
		4F4F37D02C79AFF000522ABC /* Frameworks */ = {
			isa = PBXFrameworksBuildPhase;
			buildActionMask = 2147483647;
			files = (
				4F1E3C172C81E42A00418609 /* SVGView in Frameworks */,
				4F6EEFF62C7DDDE100D4D5B0 /* SVGView in Frameworks */,
			);
			runOnlyForDeploymentPostprocessing = 0;
		};
		4FA9B0542C85A4AA007F3B1B /* Frameworks */ = {
			isa = PBXFrameworksBuildPhase;
			buildActionMask = 2147483647;
			files = (
				4FA9B0592C85A4AA007F3B1B /* SwiftUI.framework in Frameworks */,
				4FA9B0582C85A4AA007F3B1B /* WidgetKit.framework in Frameworks */,
			);
			runOnlyForDeploymentPostprocessing = 0;
		};
/* End PBXFrameworksBuildPhase section */

/* Begin PBXGroup section */
		4F4F37CA2C79AFF000522ABC = {
			isa = PBXGroup;
			children = (
				4FA9B0812C85C302007F3B1B /* OnTravelWidget-ExtensionExtension.entitlements */,
				4F4F37D52C79AFF000522ABC /* OnTravel */,
				4FA9B0332C859034007F3B1B /* OnTravelWidget-Extension */,
				4FA9B05A2C85A4AA007F3B1B /* OnTravelWidget-Extension */,
				4FA9B02E2C859034007F3B1B /* Frameworks */,
				4F4F37D42C79AFF000522ABC /* Products */,
			);
			sourceTree = "<group>";
		};
		4F4F37D42C79AFF000522ABC /* Products */ = {
			isa = PBXGroup;
			children = (
				4F4F37D32C79AFF000522ABC /* OnTravel.app */,
				4FA9B0572C85A4AA007F3B1B /* OnTravelWidget-ExtensionExtension.appex */,
			);
			name = Products;
			sourceTree = "<group>";
		};
		4F4F37D52C79AFF000522ABC /* OnTravel */ = {
			isa = PBXGroup;
			children = (
				4F38B0E02C7E42D10013F647 /* world1.svg */,
				4F6EEFF92C7DEB2A00D4D5B0 /* world.svg */,
				4F4F37DC2C79AFF100522ABC /* Preview Content */,
				4F4F380B2C79B2F900522ABC /* Extensions */,
				4F4F37FE2C79B2D200522ABC /* UserDefaults */,
				4F4F380E2C79B3A300522ABC /* Views */,
				4F4F380F2C79B3B900522ABC /* Tools */,
				4F74382C2C7C83DB006DDB8B /* Events */,
				4F4F37E42C79B00500522ABC /* OnTravel.entitlements */,
				4F4F37DA2C79AFF100522ABC /* Assets.xcassets */,
				4F4F37E52C79B01000522ABC /* Info.plist */,
				4F4F37FC2C79B20D00522ABC /* AppDelegate.swift */,
				4F4F37D62C79AFF000522ABC /* OnTravelApp.swift */,
				4F4F37E82C79B1B300522ABC /* OnTravelModel.swift */,
				4F4F37EF2C79B1B300522ABC /* Constants.swift */,
				4F4F37EA2C79B1B300522ABC /* Country.swift */,
				4F4F37E92C79B1B300522ABC /* IsoCountryCodes.swift */,
				4F4F37F02C79B1B300522ABC /* IsoCountryInfo.swift */,
				4F4F37E72C79B1B300522ABC /* ProcessingOperation.swift */,
			);
			path = OnTravel;
			sourceTree = "<group>";
		};
		4F4F37DC2C79AFF100522ABC /* Preview Content */ = {
			isa = PBXGroup;
			children = (
				4F4F37DD2C79AFF100522ABC /* Preview Assets.xcassets */,
			);
			path = "Preview Content";
			sourceTree = "<group>";
		};
		4F4F37FE2C79B2D200522ABC /* UserDefaults */ = {
			isa = PBXGroup;
			children = (
				4F4F38032C79B2F100522ABC /* ObjectSaveable.swift */,
				4F4F38042C79B2F100522ABC /* ObjectSaveableError.swift */,
				4F4F38012C79B2F100522ABC /* Observable.swift */,
				4F4F37FF2C79B2F000522ABC /* Properties.swift */,
				4F4F38002C79B2F000522ABC /* UserDefault.swift */,
				4F4F38022C79B2F100522ABC /* UserDefaultsObservation.swift */,
			);
			path = UserDefaults;
			sourceTree = "<group>";
		};
		4F4F380B2C79B2F900522ABC /* Extensions */ = {
			isa = PBXGroup;
			children = (
				4F4F380C2C79B30800522ABC /* Calendar+numberOfDays.swift */,
				4F7438282C7C5A59006DDB8B /* DateFormatter+convenienceInit.swift */,
				4FD755A82C7F2974001AB93C /* View+onRotate.swift */,
				4F1E3C142C81D83500418609 /* FileManager+documentsDirectory.swift */,
			);
			path = Extensions;
			sourceTree = "<group>";
		};
		4F4F380E2C79B3A300522ABC /* Views */ = {
			isa = PBXGroup;
			children = (
				4F4F37D82C79AFF000522ABC /* ContentView.swift */,
				4F4F37EB2C79B1B300522ABC /* CalendarView.swift */,
				4F6EEFFB2C7DEE8700D4D5B0 /* MapView.swift */,
			);
			path = Views;
			sourceTree = "<group>";
		};
		4F4F380F2C79B3B900522ABC /* Tools */ = {
			isa = PBXGroup;
			children = (
				4F4F37EC2C79B1B300522ABC /* LocationManager.swift */,
				4F4F37E62C79B1B300522ABC /* NetworkMonitor.swift */,
				4F4F37EE2C79B1B300522ABC /* RestController.swift */,
				4F4F38102C79B76000522ABC /* JsonData.swift */,
				4F4F38122C79BDE800522ABC /* Helper.swift */,
				4F74382A2C7C5CFF006DDB8B /* TextFile.swift */,
				4F7858A02C7CE87900462952 /* AppIconProvider.swift */,
				4FD755A62C7F2952001AB93C /* DeviceRotationViewModifier.swift */,
			);
			path = Tools;
			sourceTree = "<group>";
		};
		4F74382C2C7C83DB006DDB8B /* Events */ = {
			isa = PBXGroup;
			children = (
				4F74382D2C7C83EE006DDB8B /* EventManager.swift */,
				4F74382F2C7C840A006DDB8B /* EventListenerAction.swift */,
				4F7438312C7C899B006DDB8B /* Sender.swift */,
				4F7438332C7C8A12006DDB8B /* Receiver.swift */,
				4F7438352C7C8B46006DDB8B /* TestEvents.swift */,
			);
			path = Events;
			sourceTree = "<group>";
		};
		4FA9B02E2C859034007F3B1B /* Frameworks */ = {
			isa = PBXGroup;
			children = (
				4FA9B02F2C859034007F3B1B /* WidgetKit.framework */,
				4FA9B0312C859034007F3B1B /* SwiftUI.framework */,
			);
			name = Frameworks;
			sourceTree = "<group>";
		};
		4FA9B0332C859034007F3B1B /* OnTravelWidget-Extension */ = {
			isa = PBXGroup;
			children = (
				4FA9B03B2C859035007F3B1B /* OnTravelWidget_Extension.entitlements */,
				4FA9B0382C859035007F3B1B /* Assets.xcassets */,
				4FA9B03A2C859035007F3B1B /* Info.plist */,
				4FA9B0362C859034007F3B1B /* OnTravelWidget_Extension.swift */,
			);
			path = "OnTravelWidget-Extension";
			sourceTree = "<group>";
		};
		4FA9B05A2C85A4AA007F3B1B /* OnTravelWidget-Extension */ = {
			isa = PBXGroup;
			children = (
				4FA9B05D2C85A4AA007F3B1B /* OnTravelWidget_Extension.swift */,
				4FA9B05F2C85A4AB007F3B1B /* Assets.xcassets */,
				4FA9B0612C85A4AB007F3B1B /* Info.plist */,
			);
			path = "OnTravelWidget-Extension";
			sourceTree = "<group>";
		};
/* End PBXGroup section */

/* Begin PBXNativeTarget section */
		4F4F37D22C79AFF000522ABC /* OnTravel */ = {
			isa = PBXNativeTarget;
			buildConfigurationList = 4F4F37E12C79AFF100522ABC /* Build configuration list for PBXNativeTarget "OnTravel" */;
			buildPhases = (
				4F4F37CF2C79AFF000522ABC /* Sources */,
				4F4F37D02C79AFF000522ABC /* Frameworks */,
				4F4F37D12C79AFF000522ABC /* Resources */,
				4FA9B0682C85A4AB007F3B1B /* Embed Foundation Extensions */,
			);
			buildRules = (
			);
			dependencies = (
				4FA9B0632C85A4AB007F3B1B /* PBXTargetDependency */,
			);
			name = OnTravel;
			packageProductDependencies = (
				4F6EEFF52C7DDDE100D4D5B0 /* SVGView */,
				4F1E3C162C81E42A00418609 /* SVGView */,
			);
			productName = OnTravel;
			productReference = 4F4F37D32C79AFF000522ABC /* OnTravel.app */;
			productType = "com.apple.product-type.application";
		};
		4FA9B0562C85A4AA007F3B1B /* OnTravelWidget-ExtensionExtension */ = {
			isa = PBXNativeTarget;
			buildConfigurationList = 4FA9B0652C85A4AB007F3B1B /* Build configuration list for PBXNativeTarget "OnTravelWidget-ExtensionExtension" */;
			buildPhases = (
				4FA9B0532C85A4AA007F3B1B /* Sources */,
				4FA9B0542C85A4AA007F3B1B /* Frameworks */,
				4FA9B0552C85A4AA007F3B1B /* Resources */,
			);
			buildRules = (
			);
			dependencies = (
			);
			name = "OnTravelWidget-ExtensionExtension";
			productName = "OnTravelWidget-ExtensionExtension";
			productReference = 4FA9B0572C85A4AA007F3B1B /* OnTravelWidget-ExtensionExtension.appex */;
			productType = "com.apple.product-type.app-extension";
		};
/* End PBXNativeTarget section */

/* Begin PBXProject section */
		4F4F37CB2C79AFF000522ABC /* Project object */ = {
			isa = PBXProject;
			attributes = {
				BuildIndependentTargetsInParallel = 1;
				LastSwiftUpdateCheck = 1540;
				LastUpgradeCheck = 1540;
				TargetAttributes = {
					4F4F37D22C79AFF000522ABC = {
						CreatedOnToolsVersion = 15.4;
					};
					4FA9B0562C85A4AA007F3B1B = {
						CreatedOnToolsVersion = 15.4;
					};
				};
			};
			buildConfigurationList = 4F4F37CE2C79AFF000522ABC /* Build configuration list for PBXProject "OnTravel" */;
			compatibilityVersion = "Xcode 14.0";
			developmentRegion = en;
			hasScannedForEncodings = 0;
			knownRegions = (
				en,
				Base,
			);
			mainGroup = 4F4F37CA2C79AFF000522ABC;
			packageReferences = (
				4F6EEFED2C7DCF8400D4D5B0 /* XCRemoteSwiftPackageReference "SVGView" */,
			);
			productRefGroup = 4F4F37D42C79AFF000522ABC /* Products */;
			projectDirPath = "";
			projectRoot = "";
			targets = (
				4F4F37D22C79AFF000522ABC /* OnTravel */,
				4FA9B0562C85A4AA007F3B1B /* OnTravelWidget-ExtensionExtension */,
			);
		};
/* End PBXProject section */

/* Begin PBXResourcesBuildPhase section */
		4F4F37D12C79AFF000522ABC /* Resources */ = {
			isa = PBXResourcesBuildPhase;
			buildActionMask = 2147483647;
			files = (
				4F4F37DE2C79AFF100522ABC /* Preview Assets.xcassets in Resources */,
				4F38B0E12C7E42D10013F647 /* world1.svg in Resources */,
				4F4F37DB2C79AFF100522ABC /* Assets.xcassets in Resources */,
				4F6EEFFA2C7DEB2A00D4D5B0 /* world.svg in Resources */,
			);
			runOnlyForDeploymentPostprocessing = 0;
		};
		4FA9B0552C85A4AA007F3B1B /* Resources */ = {
			isa = PBXResourcesBuildPhase;
			buildActionMask = 2147483647;
			files = (
				4FA9B0602C85A4AB007F3B1B /* Assets.xcassets in Resources */,
			);
			runOnlyForDeploymentPostprocessing = 0;
		};
/* End PBXResourcesBuildPhase section */

/* Begin PBXSourcesBuildPhase section */
		4F4F37CF2C79AFF000522ABC /* Sources */ = {
			isa = PBXSourcesBuildPhase;
			buildActionMask = 2147483647;
			files = (
				4F4F38062C79B2F100522ABC /* UserDefault.swift in Sources */,
				4F74382B2C7C5CFF006DDB8B /* TextFile.swift in Sources */,
				4F4F37F92C79B1B300522ABC /* RestController.swift in Sources */,
				4F4F37F52C79B1B300522ABC /* Country.swift in Sources */,
				4F4F37D92C79AFF000522ABC /* ContentView.swift in Sources */,
				4F7858A12C7CE87900462952 /* AppIconProvider.swift in Sources */,
				4F74382E2C7C83EE006DDB8B /* EventManager.swift in Sources */,
				4F4F38052C79B2F100522ABC /* Properties.swift in Sources */,
				4F4F37FB2C79B1B300522ABC /* IsoCountryInfo.swift in Sources */,
				4F4F37FD2C79B20D00522ABC /* AppDelegate.swift in Sources */,
				4FD755A72C7F2952001AB93C /* DeviceRotationViewModifier.swift in Sources */,
				4F6EEFFC2C7DEE8700D4D5B0 /* MapView.swift in Sources */,
				4F4F380A2C79B2F100522ABC /* ObjectSaveableError.swift in Sources */,
				4F4F37F62C79B1B300522ABC /* CalendarView.swift in Sources */,
				4F4F37F12C79B1B300522ABC /* NetworkMonitor.swift in Sources */,
				4F7438302C7C840A006DDB8B /* EventListenerAction.swift in Sources */,
				4F4F37F22C79B1B300522ABC /* ProcessingOperation.swift in Sources */,
				4F7438292C7C5A59006DDB8B /* DateFormatter+convenienceInit.swift in Sources */,
				4F7438362C7C8B46006DDB8B /* TestEvents.swift in Sources */,
				4F4F37F32C79B1B300522ABC /* OnTravelModel.swift in Sources */,
				4F1E3C152C81D83500418609 /* FileManager+documentsDirectory.swift in Sources */,
				4F4F38072C79B2F100522ABC /* Observable.swift in Sources */,
				4F4F380D2C79B30800522ABC /* Calendar+numberOfDays.swift in Sources */,
				4FD755A92C7F2974001AB93C /* View+onRotate.swift in Sources */,
				4F4F37D72C79AFF000522ABC /* OnTravelApp.swift in Sources */,
				4F4F37F42C79B1B300522ABC /* IsoCountryCodes.swift in Sources */,
				4F4F38112C79B76000522ABC /* JsonData.swift in Sources */,
				4F4F38082C79B2F100522ABC /* UserDefaultsObservation.swift in Sources */,
				4F7438342C7C8A12006DDB8B /* Receiver.swift in Sources */,
				4F7438322C7C899B006DDB8B /* Sender.swift in Sources */,
				4F4F37F72C79B1B300522ABC /* LocationManager.swift in Sources */,
				4F4F38132C79BDE800522ABC /* Helper.swift in Sources */,
				4F4F37FA2C79B1B300522ABC /* Constants.swift in Sources */,
				4F4F38092C79B2F100522ABC /* ObjectSaveable.swift in Sources */,
			);
			runOnlyForDeploymentPostprocessing = 0;
		};
		4FA9B0532C85A4AA007F3B1B /* Sources */ = {
			isa = PBXSourcesBuildPhase;
			buildActionMask = 2147483647;
			files = (
				4FA9B0802C85AA82007F3B1B /* Constants.swift in Sources */,
				4FA9B0702C85A4EB007F3B1B /* UserDefaultsObservation.swift in Sources */,
				4FA9B0712C85A4EB007F3B1B /* ObjectSaveableError.swift in Sources */,
				4FA9B0762C85A4F0007F3B1B /* Calendar+numberOfDays.swift in Sources */,
				4FA9B0772C85A4F0007F3B1B /* View+onRotate.swift in Sources */,
				4FA9B07A2C85A57F007F3B1B /* IsoCountryInfo.swift in Sources */,
				4FA9B07B2C85A57F007F3B1B /* Country.swift in Sources */,
				4FA9B07C2C85A57F007F3B1B /* OnTravelModel.swift in Sources */,
				4FA9B07E2C85A57F007F3B1B /* IsoCountryCodes.swift in Sources */,
				4FA9B0782C85A4F0007F3B1B /* DateFormatter+convenienceInit.swift in Sources */,
				4FA9B0792C85A4F0007F3B1B /* FileManager+documentsDirectory.swift in Sources */,
				4FA9B0722C85A4EB007F3B1B /* UserDefault.swift in Sources */,
				4FA9B0732C85A4EB007F3B1B /* ObjectSaveable.swift in Sources */,
				4FA9B0742C85A4EB007F3B1B /* Observable.swift in Sources */,
				4FA9B0752C85A4EB007F3B1B /* Properties.swift in Sources */,
				4FA9B05E2C85A4AA007F3B1B /* OnTravelWidget_Extension.swift in Sources */,
				4FA9B0692C85A4E1007F3B1B /* NetworkMonitor.swift in Sources */,
				4FA9B06A2C85A4E1007F3B1B /* JsonData.swift in Sources */,
				4FA9B07F2C85A58D007F3B1B /* DeviceRotationViewModifier.swift in Sources */,
				4FA9B06B2C85A4E1007F3B1B /* Helper.swift in Sources */,
				4FA9B06C2C85A4E1007F3B1B /* LocationManager.swift in Sources */,
				4FA9B06D2C85A4E1007F3B1B /* RestController.swift in Sources */,
				4FA9B06E2C85A4E1007F3B1B /* TextFile.swift in Sources */,
				4FA9B06F2C85A4E1007F3B1B /* AppIconProvider.swift in Sources */,
			);
			runOnlyForDeploymentPostprocessing = 0;
		};
/* End PBXSourcesBuildPhase section */

/* Begin PBXTargetDependency section */
		4FA9B0632C85A4AB007F3B1B /* PBXTargetDependency */ = {
			isa = PBXTargetDependency;
			target = 4FA9B0562C85A4AA007F3B1B /* OnTravelWidget-ExtensionExtension */;
			targetProxy = 4FA9B0622C85A4AB007F3B1B /* PBXContainerItemProxy */;
		};
/* End PBXTargetDependency section */

/* Begin XCBuildConfiguration section */
		4F4F37DF2C79AFF100522ABC /* Debug */ = {
			isa = XCBuildConfiguration;
			buildSettings = {
				ALWAYS_SEARCH_USER_PATHS = NO;
				ASSETCATALOG_COMPILER_GENERATE_SWIFT_ASSET_SYMBOL_EXTENSIONS = YES;
				CLANG_ANALYZER_NONNULL = YES;
				CLANG_ANALYZER_NUMBER_OBJECT_CONVERSION = YES_AGGRESSIVE;
				CLANG_CXX_LANGUAGE_STANDARD = "gnu++20";
				CLANG_ENABLE_MODULES = YES;
				CLANG_ENABLE_OBJC_ARC = YES;
				CLANG_ENABLE_OBJC_WEAK = YES;
				CLANG_WARN_BLOCK_CAPTURE_AUTORELEASING = YES;
				CLANG_WARN_BOOL_CONVERSION = YES;
				CLANG_WARN_COMMA = YES;
				CLANG_WARN_CONSTANT_CONVERSION = YES;
				CLANG_WARN_DEPRECATED_OBJC_IMPLEMENTATIONS = YES;
				CLANG_WARN_DIRECT_OBJC_ISA_USAGE = YES_ERROR;
				CLANG_WARN_DOCUMENTATION_COMMENTS = YES;
				CLANG_WARN_EMPTY_BODY = YES;
				CLANG_WARN_ENUM_CONVERSION = YES;
				CLANG_WARN_INFINITE_RECURSION = YES;
				CLANG_WARN_INT_CONVERSION = YES;
				CLANG_WARN_NON_LITERAL_NULL_CONVERSION = YES;
				CLANG_WARN_OBJC_IMPLICIT_RETAIN_SELF = YES;
				CLANG_WARN_OBJC_LITERAL_CONVERSION = YES;
				CLANG_WARN_OBJC_ROOT_CLASS = YES_ERROR;
				CLANG_WARN_QUOTED_INCLUDE_IN_FRAMEWORK_HEADER = YES;
				CLANG_WARN_RANGE_LOOP_ANALYSIS = YES;
				CLANG_WARN_STRICT_PROTOTYPES = YES;
				CLANG_WARN_SUSPICIOUS_MOVE = YES;
				CLANG_WARN_UNGUARDED_AVAILABILITY = YES_AGGRESSIVE;
				CLANG_WARN_UNREACHABLE_CODE = YES;
				CLANG_WARN__DUPLICATE_METHOD_MATCH = YES;
				COPY_PHASE_STRIP = NO;
				DEBUG_INFORMATION_FORMAT = dwarf;
				ENABLE_STRICT_OBJC_MSGSEND = YES;
				ENABLE_TESTABILITY = YES;
				ENABLE_USER_SCRIPT_SANDBOXING = YES;
				GCC_C_LANGUAGE_STANDARD = gnu17;
				GCC_DYNAMIC_NO_PIC = NO;
				GCC_NO_COMMON_BLOCKS = YES;
				GCC_OPTIMIZATION_LEVEL = 0;
				GCC_PREPROCESSOR_DEFINITIONS = (
					"DEBUG=1",
					"$(inherited)",
				);
				GCC_WARN_64_TO_32_BIT_CONVERSION = YES;
				GCC_WARN_ABOUT_RETURN_TYPE = YES_ERROR;
				GCC_WARN_UNDECLARED_SELECTOR = YES;
				GCC_WARN_UNINITIALIZED_AUTOS = YES_AGGRESSIVE;
				GCC_WARN_UNUSED_FUNCTION = YES;
				GCC_WARN_UNUSED_VARIABLE = YES;
				IPHONEOS_DEPLOYMENT_TARGET = 17.5;
				LOCALIZATION_PREFERS_STRING_CATALOGS = YES;
				MTL_ENABLE_DEBUG_INFO = INCLUDE_SOURCE;
				MTL_FAST_MATH = YES;
				ONLY_ACTIVE_ARCH = YES;
				SDKROOT = iphoneos;
				SWIFT_ACTIVE_COMPILATION_CONDITIONS = "DEBUG $(inherited)";
				SWIFT_OPTIMIZATION_LEVEL = "-Onone";
			};
			name = Debug;
		};
		4F4F37E02C79AFF100522ABC /* Release */ = {
			isa = XCBuildConfiguration;
			buildSettings = {
				ALWAYS_SEARCH_USER_PATHS = NO;
				ASSETCATALOG_COMPILER_GENERATE_SWIFT_ASSET_SYMBOL_EXTENSIONS = YES;
				CLANG_ANALYZER_NONNULL = YES;
				CLANG_ANALYZER_NUMBER_OBJECT_CONVERSION = YES_AGGRESSIVE;
				CLANG_CXX_LANGUAGE_STANDARD = "gnu++20";
				CLANG_ENABLE_MODULES = YES;
				CLANG_ENABLE_OBJC_ARC = YES;
				CLANG_ENABLE_OBJC_WEAK = YES;
				CLANG_WARN_BLOCK_CAPTURE_AUTORELEASING = YES;
				CLANG_WARN_BOOL_CONVERSION = YES;
				CLANG_WARN_COMMA = YES;
				CLANG_WARN_CONSTANT_CONVERSION = YES;
				CLANG_WARN_DEPRECATED_OBJC_IMPLEMENTATIONS = YES;
				CLANG_WARN_DIRECT_OBJC_ISA_USAGE = YES_ERROR;
				CLANG_WARN_DOCUMENTATION_COMMENTS = YES;
				CLANG_WARN_EMPTY_BODY = YES;
				CLANG_WARN_ENUM_CONVERSION = YES;
				CLANG_WARN_INFINITE_RECURSION = YES;
				CLANG_WARN_INT_CONVERSION = YES;
				CLANG_WARN_NON_LITERAL_NULL_CONVERSION = YES;
				CLANG_WARN_OBJC_IMPLICIT_RETAIN_SELF = YES;
				CLANG_WARN_OBJC_LITERAL_CONVERSION = YES;
				CLANG_WARN_OBJC_ROOT_CLASS = YES_ERROR;
				CLANG_WARN_QUOTED_INCLUDE_IN_FRAMEWORK_HEADER = YES;
				CLANG_WARN_RANGE_LOOP_ANALYSIS = YES;
				CLANG_WARN_STRICT_PROTOTYPES = YES;
				CLANG_WARN_SUSPICIOUS_MOVE = YES;
				CLANG_WARN_UNGUARDED_AVAILABILITY = YES_AGGRESSIVE;
				CLANG_WARN_UNREACHABLE_CODE = YES;
				CLANG_WARN__DUPLICATE_METHOD_MATCH = YES;
				COPY_PHASE_STRIP = NO;
				DEBUG_INFORMATION_FORMAT = "dwarf-with-dsym";
				ENABLE_NS_ASSERTIONS = NO;
				ENABLE_STRICT_OBJC_MSGSEND = YES;
				ENABLE_USER_SCRIPT_SANDBOXING = YES;
				GCC_C_LANGUAGE_STANDARD = gnu17;
				GCC_NO_COMMON_BLOCKS = YES;
				GCC_WARN_64_TO_32_BIT_CONVERSION = YES;
				GCC_WARN_ABOUT_RETURN_TYPE = YES_ERROR;
				GCC_WARN_UNDECLARED_SELECTOR = YES;
				GCC_WARN_UNINITIALIZED_AUTOS = YES_AGGRESSIVE;
				GCC_WARN_UNUSED_FUNCTION = YES;
				GCC_WARN_UNUSED_VARIABLE = YES;
				IPHONEOS_DEPLOYMENT_TARGET = 17.5;
				LOCALIZATION_PREFERS_STRING_CATALOGS = YES;
				MTL_ENABLE_DEBUG_INFO = NO;
				MTL_FAST_MATH = YES;
				SDKROOT = iphoneos;
				SWIFT_COMPILATION_MODE = wholemodule;
				VALIDATE_PRODUCT = YES;
			};
			name = Release;
		};
		4F4F37E22C79AFF100522ABC /* Debug */ = {
			isa = XCBuildConfiguration;
			buildSettings = {
				ALWAYS_EMBED_SWIFT_STANDARD_LIBRARIES = YES;
				ASSETCATALOG_COMPILER_APPICON_NAME = AppIcon;
				ASSETCATALOG_COMPILER_GLOBAL_ACCENT_COLOR_NAME = AccentColor;
				CODE_SIGN_ENTITLEMENTS = OnTravel/OnTravel.entitlements;
				CODE_SIGN_STYLE = Automatic;
				CURRENT_PROJECT_VERSION = 5;
				DEVELOPMENT_ASSET_PATHS = "\"OnTravel/Preview Content\"";
				DEVELOPMENT_TEAM = L4A7549EHC;
				ENABLE_PREVIEWS = YES;
				GENERATE_INFOPLIST_FILE = YES;
				INFOPLIST_FILE = OnTravel/Info.plist;
				INFOPLIST_KEY_CFBundleDisplayName = OnTravel;
				INFOPLIST_KEY_LSApplicationCategoryType = "public.app-category.travel";
				INFOPLIST_KEY_LSSupportsOpeningDocumentsInPlace = YES;
				INFOPLIST_KEY_NSDocumentsFolderUsageDescription = "We need to save the visits to the documents folder";
				INFOPLIST_KEY_NSLocationAlwaysAndWhenInUseUsageDescription = 17.0.0;
				INFOPLIST_KEY_NSLocationAlwaysUsageDescription = "We need your location to detect the country you are currently in";
				INFOPLIST_KEY_NSLocationUsageDescription = "We need your location to detect the country you are currently in";
				INFOPLIST_KEY_NSLocationWhenInUseUsageDescription = "We need your location to detect the country you are currently in";
				INFOPLIST_KEY_UIApplicationSceneManifest_Generation = YES;
				INFOPLIST_KEY_UIApplicationSupportsIndirectInputEvents = YES;
				INFOPLIST_KEY_UILaunchScreen_Generation = YES;
				INFOPLIST_KEY_UIRequiresFullScreen = YES;
				INFOPLIST_KEY_UISupportedInterfaceOrientations = UIInterfaceOrientationPortrait;
				LD_RUNPATH_SEARCH_PATHS = (
					"$(inherited)",
					"@executable_path/Frameworks",
				);
				MARKETING_VERSION = 17.0.5;
				PRODUCT_BUNDLE_IDENTIFIER = eu.hansolo.OnTravel;
				PRODUCT_NAME = "$(TARGET_NAME)";
				SUPPORTED_PLATFORMS = "iphoneos iphonesimulator";
				SUPPORTS_MACCATALYST = NO;
				SUPPORTS_MAC_DESIGNED_FOR_IPHONE_IPAD = NO;
				SUPPORTS_XR_DESIGNED_FOR_IPHONE_IPAD = NO;
				SWIFT_EMIT_LOC_STRINGS = YES;
				SWIFT_VERSION = 5.0;
				TARGETED_DEVICE_FAMILY = 1;
			};
			name = Debug;
		};
		4F4F37E32C79AFF100522ABC /* Release */ = {
			isa = XCBuildConfiguration;
			buildSettings = {
				ALWAYS_EMBED_SWIFT_STANDARD_LIBRARIES = YES;
				ASSETCATALOG_COMPILER_APPICON_NAME = AppIcon;
				ASSETCATALOG_COMPILER_GLOBAL_ACCENT_COLOR_NAME = AccentColor;
				CODE_SIGN_ENTITLEMENTS = OnTravel/OnTravel.entitlements;
				CODE_SIGN_STYLE = Automatic;
				CURRENT_PROJECT_VERSION = 5;
				DEVELOPMENT_ASSET_PATHS = "\"OnTravel/Preview Content\"";
				DEVELOPMENT_TEAM = L4A7549EHC;
				ENABLE_PREVIEWS = YES;
				GENERATE_INFOPLIST_FILE = YES;
				INFOPLIST_FILE = OnTravel/Info.plist;
				INFOPLIST_KEY_CFBundleDisplayName = OnTravel;
				INFOPLIST_KEY_LSApplicationCategoryType = "public.app-category.travel";
				INFOPLIST_KEY_LSSupportsOpeningDocumentsInPlace = YES;
				INFOPLIST_KEY_NSDocumentsFolderUsageDescription = "We need to save the visits to the documents folder";
				INFOPLIST_KEY_NSLocationAlwaysAndWhenInUseUsageDescription = 17.0.0;
				INFOPLIST_KEY_NSLocationAlwaysUsageDescription = "We need your location to detect the country you are currently in";
				INFOPLIST_KEY_NSLocationUsageDescription = "We need your location to detect the country you are currently in";
				INFOPLIST_KEY_NSLocationWhenInUseUsageDescription = "We need your location to detect the country you are currently in";
				INFOPLIST_KEY_UIApplicationSceneManifest_Generation = YES;
				INFOPLIST_KEY_UIApplicationSupportsIndirectInputEvents = YES;
				INFOPLIST_KEY_UILaunchScreen_Generation = YES;
				INFOPLIST_KEY_UIRequiresFullScreen = YES;
				INFOPLIST_KEY_UISupportedInterfaceOrientations = UIInterfaceOrientationPortrait;
				LD_RUNPATH_SEARCH_PATHS = (
					"$(inherited)",
					"@executable_path/Frameworks",
				);
				MARKETING_VERSION = 17.0.5;
				PRODUCT_BUNDLE_IDENTIFIER = eu.hansolo.OnTravel;
				PRODUCT_NAME = "$(TARGET_NAME)";
				SUPPORTED_PLATFORMS = "iphoneos iphonesimulator";
				SUPPORTS_MACCATALYST = NO;
				SUPPORTS_MAC_DESIGNED_FOR_IPHONE_IPAD = NO;
				SUPPORTS_XR_DESIGNED_FOR_IPHONE_IPAD = NO;
				SWIFT_EMIT_LOC_STRINGS = YES;
				SWIFT_VERSION = 5.0;
				TARGETED_DEVICE_FAMILY = 1;
			};
			name = Release;
		};
		4FA9B0662C85A4AB007F3B1B /* Debug */ = {
			isa = XCBuildConfiguration;
			buildSettings = {
				ASSETCATALOG_COMPILER_GLOBAL_ACCENT_COLOR_NAME = AccentColor;
				ASSETCATALOG_COMPILER_WIDGET_BACKGROUND_COLOR_NAME = WidgetBackground;
				CODE_SIGN_ENTITLEMENTS = "OnTravelWidget-ExtensionExtension.entitlements";
				CODE_SIGN_STYLE = Automatic;
				CURRENT_PROJECT_VERSION = 5;
				DEVELOPMENT_TEAM = L4A7549EHC;
				GENERATE_INFOPLIST_FILE = YES;
				INFOPLIST_FILE = "OnTravelWidget-Extension/Info.plist";
				INFOPLIST_KEY_CFBundleDisplayName = "OnTravelWidget-Extension";
				INFOPLIST_KEY_NSHumanReadableCopyright = "";
				LD_RUNPATH_SEARCH_PATHS = (
					"$(inherited)",
					"@executable_path/Frameworks",
					"@executable_path/../../Frameworks",
				);
				MARKETING_VERSION = 17.0.5;
				PRODUCT_BUNDLE_IDENTIFIER = "eu.hansolo.OnTravel.OnTravelWidget-Extension";
				PRODUCT_NAME = "$(TARGET_NAME)";
				SKIP_INSTALL = YES;
				SUPPORTED_PLATFORMS = "iphoneos iphonesimulator";
				SUPPORTS_MACCATALYST = NO;
				SUPPORTS_MAC_DESIGNED_FOR_IPHONE_IPAD = NO;
				SUPPORTS_XR_DESIGNED_FOR_IPHONE_IPAD = NO;
				SWIFT_EMIT_LOC_STRINGS = YES;
				SWIFT_VERSION = 5.0;
				TARGETED_DEVICE_FAMILY = 1;
			};
			name = Debug;
		};
		4FA9B0672C85A4AB007F3B1B /* Release */ = {
			isa = XCBuildConfiguration;
			buildSettings = {
				ASSETCATALOG_COMPILER_GLOBAL_ACCENT_COLOR_NAME = AccentColor;
				ASSETCATALOG_COMPILER_WIDGET_BACKGROUND_COLOR_NAME = WidgetBackground;
				CODE_SIGN_ENTITLEMENTS = "OnTravelWidget-ExtensionExtension.entitlements";
				CODE_SIGN_STYLE = Automatic;
				CURRENT_PROJECT_VERSION = 5;
				DEVELOPMENT_TEAM = L4A7549EHC;
				GENERATE_INFOPLIST_FILE = YES;
				INFOPLIST_FILE = "OnTravelWidget-Extension/Info.plist";
				INFOPLIST_KEY_CFBundleDisplayName = "OnTravelWidget-Extension";
				INFOPLIST_KEY_NSHumanReadableCopyright = "";
				LD_RUNPATH_SEARCH_PATHS = (
					"$(inherited)",
					"@executable_path/Frameworks",
					"@executable_path/../../Frameworks",
				);
				MARKETING_VERSION = 17.0.5;
				PRODUCT_BUNDLE_IDENTIFIER = "eu.hansolo.OnTravel.OnTravelWidget-Extension";
				PRODUCT_NAME = "$(TARGET_NAME)";
				SKIP_INSTALL = YES;
				SUPPORTED_PLATFORMS = "iphoneos iphonesimulator";
				SUPPORTS_MACCATALYST = NO;
				SUPPORTS_MAC_DESIGNED_FOR_IPHONE_IPAD = NO;
				SUPPORTS_XR_DESIGNED_FOR_IPHONE_IPAD = NO;
				SWIFT_EMIT_LOC_STRINGS = YES;
				SWIFT_VERSION = 5.0;
				TARGETED_DEVICE_FAMILY = 1;
			};
			name = Release;
		};
/* End XCBuildConfiguration section */

/* Begin XCConfigurationList section */
		4F4F37CE2C79AFF000522ABC /* Build configuration list for PBXProject "OnTravel" */ = {
			isa = XCConfigurationList;
			buildConfigurations = (
				4F4F37DF2C79AFF100522ABC /* Debug */,
				4F4F37E02C79AFF100522ABC /* Release */,
			);
			defaultConfigurationIsVisible = 0;
			defaultConfigurationName = Release;
		};
		4F4F37E12C79AFF100522ABC /* Build configuration list for PBXNativeTarget "OnTravel" */ = {
			isa = XCConfigurationList;
			buildConfigurations = (
				4F4F37E22C79AFF100522ABC /* Debug */,
				4F4F37E32C79AFF100522ABC /* Release */,
			);
			defaultConfigurationIsVisible = 0;
			defaultConfigurationName = Release;
		};
		4FA9B0652C85A4AB007F3B1B /* Build configuration list for PBXNativeTarget "OnTravelWidget-ExtensionExtension" */ = {
			isa = XCConfigurationList;
			buildConfigurations = (
				4FA9B0662C85A4AB007F3B1B /* Debug */,
				4FA9B0672C85A4AB007F3B1B /* Release */,
			);
			defaultConfigurationIsVisible = 0;
			defaultConfigurationName = Release;
		};
/* End XCConfigurationList section */

/* Begin XCRemoteSwiftPackageReference section */
		4F6EEFED2C7DCF8400D4D5B0 /* XCRemoteSwiftPackageReference "SVGView" */ = {
			isa = XCRemoteSwiftPackageReference;
			repositoryURL = "https://github.com/exyte/SVGView.git";
			requirement = {
				kind = upToNextMajorVersion;
				minimumVersion = 1.0.6;
			};
		};
/* End XCRemoteSwiftPackageReference section */

/* Begin XCSwiftPackageProductDependency section */
		4F1E3C162C81E42A00418609 /* SVGView */ = {
			isa = XCSwiftPackageProductDependency;
			package = 4F6EEFED2C7DCF8400D4D5B0 /* XCRemoteSwiftPackageReference "SVGView" */;
			productName = SVGView;
		};
		4F6EEFF52C7DDDE100D4D5B0 /* SVGView */ = {
			isa = XCSwiftPackageProductDependency;
			productName = SVGView;
		};
/* End XCSwiftPackageProductDependency section */
	};
	rootObject = 4F4F37CB2C79AFF000522ABC /* Project object */;
}
